
Microsoft Visual Studio Solution File, Format Version 12.00
# Visual Studio 15
VisualStudioVersion = 15.0.27428.2002
MinimumVisualStudioVersion = 10.0.40219.1
Project("{FAE04EC0-301F-11D3-BF4B-00C04F79EFBC}") = "SteamInventoryMonitor", "SteamInventoryMonitor\SteamInventoryMonitor.csproj", "{AFD410E9-635E-4A80-877F-1AEF3DC58B95}"
EndProject
Project("{FAE04EC0-301F-11D3-BF4B-00C04F79EFBC}") = "SteamInventoryMonitor.Model", "SteamInventoryMonitor.Model\SteamInventoryMonitor.Model.csproj", "{870599CE-B536-4600-8E21-37D8D44E7F8E}"
EndProject
Project("{FAE04EC0-301F-11D3-BF4B-00C04F79EFBC}") = "SteamInventoryMonitor.Task", "SteamInventoryMonitor.Task\SteamInventoryMonitor.Task.csproj", "{815049C8-FC9F-4CCC-82EB-5CC2ED82BB9F}"
EndProject
Global
	GlobalSection(SolutionConfigurationPlatforms) = preSolution
		Debug|Any CPU = Debug|Any CPU
		Release|Any CPU = Release|Any CPU
	EndGlobalSection
	GlobalSection(ProjectConfigurationPlatforms) = postSolution
		{AFD410E9-635E-4A80-877F-1AEF3DC58B95}.Debug|Any CPU.ActiveCfg = Debug|Any CPU
		{AFD410E9-635E-4A80-877F-1AEF3DC58B95}.Debug|Any CPU.Build.0 = Debug|Any CPU
		{AFD410E9-635E-4A80-877F-1AEF3DC58B95}.Release|Any CPU.ActiveCfg = Release|Any CPU
		{AFD410E9-635E-4A80-877F-1AEF3DC58B95}.Release|Any CPU.Build.0 = Release|Any CPU
		{870599CE-B536-4600-8E21-37D8D44E7F8E}.Debug|Any CPU.ActiveCfg = Debug|Any CPU
		{870599CE-B536-4600-8E21-37D8D44E7F8E}.Debug|Any CPU.Build.0 = Debug|Any CPU
		{870599CE-B536-4600-8E21-37D8D44E7F8E}.Release|Any CPU.ActiveCfg = Release|Any CPU
		{870599CE-B536-4600-8E21-37D8D44E7F8E}.Release|Any CPU.Build.0 = Release|Any CPU
		{815049C8-FC9F-4CCC-82EB-5CC2ED82BB9F}.Debug|Any CPU.ActiveCfg = Debug|Any CPU
		{815049C8-FC9F-4CCC-82EB-5CC2ED82BB9F}.Debug|Any CPU.Build.0 = Debug|Any CPU
		{815049C8-FC9F-4CCC-82EB-5CC2ED82BB9F}.Release|Any CPU.ActiveCfg = Release|Any CPU
		{815049C8-FC9F-4CCC-82EB-5CC2ED82BB9F}.Release|Any CPU.Build.0 = Release|Any CPU
	EndGlobalSection
	GlobalSection(SolutionProperties) = preSolution
		HideSolutionNode = FALSE
	EndGlobalSection
	GlobalSection(ExtensibilityGlobals) = postSolution
		SolutionGuid = {C71CD068-38A7-40E5-A852-5E6F9874E101}
	EndGlobalSection
EndGlobal
